// !$*UTF8*$!
{
	archiveVersion = 1;
	classes = {
	};
	objectVersion = 56;
	objects = {

/* Begin PBXBuildFile section */
		1827B98C2B56608500C11305 /* AppDelegate.swift in Sources */ = {isa = PBXBuildFile; fileRef = 1827B98B2B56608500C11305 /* AppDelegate.swift */; };
		1827B98E2B56608500C11305 /* SceneDelegate.swift in Sources */ = {isa = PBXBuildFile; fileRef = 1827B98D2B56608500C11305 /* SceneDelegate.swift */; };
		1827B9902B56608500C11305 /* ViewController.swift in Sources */ = {isa = PBXBuildFile; fileRef = 1827B98F2B56608500C11305 /* ViewController.swift */; };
		1827B9932B56608500C11305 /* Main.storyboard in Resources */ = {isa = PBXBuildFile; fileRef = 1827B9912B56608500C11305 /* Main.storyboard */; };
		1827B9952B5660AF00C11305 /* Assets.xcassets in Resources */ = {isa = PBXBuildFile; fileRef = 1827B9942B5660AF00C11305 /* Assets.xcassets */; };
		1827B9982B5660AF00C11305 /* LaunchScreen.storyboard in Resources */ = {isa = PBXBuildFile; fileRef = 1827B9962B5660AF00C11305 /* LaunchScreen.storyboard */; };
		1827B9A32B5660B200C11305 /* firstProjectTests.swift in Sources */ = {isa = PBXBuildFile; fileRef = 1827B9A22B5660B200C11305 /* firstProjectTests.swift */; };
		1827B9AD2B5660B200C11305 /* firstProjectUITests.swift in Sources */ = {isa = PBXBuildFile; fileRef = 1827B9AC2B5660B200C11305 /* firstProjectUITests.swift */; };
		1827B9AF2B5660B200C11305 /* firstProjectUITestsLaunchTests.swift in Sources */ = {isa = PBXBuildFile; fileRef = 1827B9AE2B5660B200C11305 /* firstProjectUITestsLaunchTests.swift */; };
		49EA20DE56D2A6E06B2C9C48 /* Pods_firstProject_firstProjectUITests.framework in Frameworks */ = {isa = PBXBuildFile; fileRef = 5EEB0AD5DEFE08884B347400 /* Pods_firstProject_firstProjectUITests.framework */; };
		5CDAB0A51CD44DB7B3402B7A /* Pods_firstProject.framework in Frameworks */ = {isa = PBXBuildFile; fileRef = DD51CEA64E93197920700D89 /* Pods_firstProject.framework */; };
		DBE4C3273B174DF7F8A39266 /* Pods_firstProjectTests.framework in Frameworks */ = {isa = PBXBuildFile; fileRef = 964C376E8BE929A730F696BB /* Pods_firstProjectTests.framework */; };
/* End PBXBuildFile section */

/* Begin PBXContainerItemProxy section */
		1827B99F2B5660B200C11305 /* PBXContainerItemProxy */ = {
			isa = PBXContainerItemProxy;
			containerPortal = 1827B9802B56608400C11305 /* Project object */;
			proxyType = 1;
			remoteGlobalIDString = 1827B9872B56608500C11305;
			remoteInfo = firstProject;
		};
		1827B9A92B5660B200C11305 /* PBXContainerItemProxy */ = {
			isa = PBXContainerItemProxy;
			containerPortal = 1827B9802B56608400C11305 /* Project object */;
			proxyType = 1;
			remoteGlobalIDString = 1827B9872B56608500C11305;
			remoteInfo = firstProject;
		};
/* End PBXContainerItemProxy section */

/* Begin PBXFileReference section */
		0190294149598BBC2E322BA5 /* Pods-firstProjectTests.release.xcconfig */ = {isa = PBXFileReference; includeInIndex = 1; lastKnownFileType = text.xcconfig; name = "Pods-firstProjectTests.release.xcconfig"; path = "Target Support Files/Pods-firstProjectTests/Pods-firstProjectTests.release.xcconfig"; sourceTree = "<group>"; };
		1827B9882B56608500C11305 /* firstProject.app */ = {isa = PBXFileReference; explicitFileType = wrapper.application; includeInIndex = 0; path = firstProject.app; sourceTree = BUILT_PRODUCTS_DIR; };
		1827B98B2B56608500C11305 /* AppDelegate.swift */ = {isa = PBXFileReference; lastKnownFileType = sourcecode.swift; path = AppDelegate.swift; sourceTree = "<group>"; };
		1827B98D2B56608500C11305 /* SceneDelegate.swift */ = {isa = PBXFileReference; lastKnownFileType = sourcecode.swift; path = SceneDelegate.swift; sourceTree = "<group>"; };
		1827B98F2B56608500C11305 /* ViewController.swift */ = {isa = PBXFileReference; lastKnownFileType = sourcecode.swift; path = ViewController.swift; sourceTree = "<group>"; };
		1827B9922B56608500C11305 /* Base */ = {isa = PBXFileReference; lastKnownFileType = file.storyboard; name = Base; path = Base.lproj/Main.storyboard; sourceTree = "<group>"; };
		1827B9942B5660AF00C11305 /* Assets.xcassets */ = {isa = PBXFileReference; lastKnownFileType = folder.assetcatalog; path = Assets.xcassets; sourceTree = "<group>"; };
		1827B9972B5660AF00C11305 /* Base */ = {isa = PBXFileReference; lastKnownFileType = file.storyboard; name = Base; path = Base.lproj/LaunchScreen.storyboard; sourceTree = "<group>"; };
		1827B9992B5660AF00C11305 /* Info.plist */ = {isa = PBXFileReference; lastKnownFileType = text.plist.xml; path = Info.plist; sourceTree = "<group>"; };
		1827B99E2B5660B200C11305 /* firstProjectTests.xctest */ = {isa = PBXFileReference; explicitFileType = wrapper.cfbundle; includeInIndex = 0; path = firstProjectTests.xctest; sourceTree = BUILT_PRODUCTS_DIR; };
		1827B9A22B5660B200C11305 /* firstProjectTests.swift */ = {isa = PBXFileReference; lastKnownFileType = sourcecode.swift; path = firstProjectTests.swift; sourceTree = "<group>"; };
		1827B9A82B5660B200C11305 /* firstProjectUITests.xctest */ = {isa = PBXFileReference; explicitFileType = wrapper.cfbundle; includeInIndex = 0; path = firstProjectUITests.xctest; sourceTree = BUILT_PRODUCTS_DIR; };
		1827B9AC2B5660B200C11305 /* firstProjectUITests.swift */ = {isa = PBXFileReference; lastKnownFileType = sourcecode.swift; path = firstProjectUITests.swift; sourceTree = "<group>"; };
		1827B9AE2B5660B200C11305 /* firstProjectUITestsLaunchTests.swift */ = {isa = PBXFileReference; lastKnownFileType = sourcecode.swift; path = firstProjectUITestsLaunchTests.swift; sourceTree = "<group>"; };
		2527D04BF355F51C7CFBFD39 /* Pods-firstProjectTests.debug.xcconfig */ = {isa = PBXFileReference; includeInIndex = 1; lastKnownFileType = text.xcconfig; name = "Pods-firstProjectTests.debug.xcconfig"; path = "Target Support Files/Pods-firstProjectTests/Pods-firstProjectTests.debug.xcconfig"; sourceTree = "<group>"; };
		3B76697B9B7B4C572EF5D457 /* Pods-firstProject.release.xcconfig */ = {isa = PBXFileReference; includeInIndex = 1; lastKnownFileType = text.xcconfig; name = "Pods-firstProject.release.xcconfig"; path = "Target Support Files/Pods-firstProject/Pods-firstProject.release.xcconfig"; sourceTree = "<group>"; };
		4C952674D8B9DC5470C13DFE /* Pods-firstProject-firstProjectUITests.debug.xcconfig */ = {isa = PBXFileReference; includeInIndex = 1; lastKnownFileType = text.xcconfig; name = "Pods-firstProject-firstProjectUITests.debug.xcconfig"; path = "Target Support Files/Pods-firstProject-firstProjectUITests/Pods-firstProject-firstProjectUITests.debug.xcconfig"; sourceTree = "<group>"; };
		57402F55DFCEF219BDEAEED8 /* Pods-firstProject.debug.xcconfig */ = {isa = PBXFileReference; includeInIndex = 1; lastKnownFileType = text.xcconfig; name = "Pods-firstProject.debug.xcconfig"; path = "Target Support Files/Pods-firstProject/Pods-firstProject.debug.xcconfig"; sourceTree = "<group>"; };
		5EEB0AD5DEFE08884B347400 /* Pods_firstProject_firstProjectUITests.framework */ = {isa = PBXFileReference; explicitFileType = wrapper.framework; includeInIndex = 0; path = Pods_firstProject_firstProjectUITests.framework; sourceTree = BUILT_PRODUCTS_DIR; };
		6B35EC892BE7FC81FCFC42D5 /* Pods-firstProject-firstProjectUITests.release.xcconfig */ = {isa = PBXFileReference; includeInIndex = 1; lastKnownFileType = text.xcconfig; name = "Pods-firstProject-firstProjectUITests.release.xcconfig"; path = "Target Support Files/Pods-firstProject-firstProjectUITests/Pods-firstProject-firstProjectUITests.release.xcconfig"; sourceTree = "<group>"; };
		964C376E8BE929A730F696BB /* Pods_firstProjectTests.framework */ = {isa = PBXFileReference; explicitFileType = wrapper.framework; includeInIndex = 0; path = Pods_firstProjectTests.framework; sourceTree = BUILT_PRODUCTS_DIR; };
		DD51CEA64E93197920700D89 /* Pods_firstProject.framework */ = {isa = PBXFileReference; explicitFileType = wrapper.framework; includeInIndex = 0; path = Pods_firstProject.framework; sourceTree = BUILT_PRODUCTS_DIR; };
/* End PBXFileReference section */

/* Begin PBXFrameworksBuildPhase section */
		1827B9852B56608500C11305 /* Frameworks */ = {
			isa = PBXFrameworksBuildPhase;
			buildActionMask = 2147483647;
			files = (
				5CDAB0A51CD44DB7B3402B7A /* Pods_firstProject.framework in Frameworks */,
			);
			runOnlyForDeploymentPostprocessing = 0;
		};
		1827B99B2B5660B200C11305 /* Frameworks */ = {
			isa = PBXFrameworksBuildPhase;
			buildActionMask = 2147483647;
			files = (
				DBE4C3273B174DF7F8A39266 /* Pods_firstProjectTests.framework in Frameworks */,
			);
			runOnlyForDeploymentPostprocessing = 0;
		};
		1827B9A52B5660B200C11305 /* Frameworks */ = {
			isa = PBXFrameworksBuildPhase;
			buildActionMask = 2147483647;
			files = (
				49EA20DE56D2A6E06B2C9C48 /* Pods_firstProject_firstProjectUITests.framework in Frameworks */,
			);
			runOnlyForDeploymentPostprocessing = 0;
		};
/* End PBXFrameworksBuildPhase section */

/* Begin PBXGroup section */
		1827B97F2B56608400C11305 = {
			isa = PBXGroup;
			children = (
				1827B98A2B56608500C11305 /* firstProject */,
				1827B9A12B5660B200C11305 /* firstProjectTests */,
				1827B9AB2B5660B200C11305 /* firstProjectUITests */,
				1827B9892B56608500C11305 /* Products */,
				5BDDE508DAAB5E8FCF328D2E /* Pods */,
				5B1D6AB9748A39A916CD6C53 /* Frameworks */,
			);
			sourceTree = "<group>";
		};
		1827B9892B56608500C11305 /* Products */ = {
			isa = PBXGroup;
			children = (
				1827B9882B56608500C11305 /* firstProject.app */,
				1827B99E2B5660B200C11305 /* firstProjectTests.xctest */,
				1827B9A82B5660B200C11305 /* firstProjectUITests.xctest */,
			);
			name = Products;
			sourceTree = "<group>";
		};
		1827B98A2B56608500C11305 /* firstProject */ = {
			isa = PBXGroup;
			children = (
				1827B98B2B56608500C11305 /* AppDelegate.swift */,
				1827B98D2B56608500C11305 /* SceneDelegate.swift */,
				1827B98F2B56608500C11305 /* ViewController.swift */,
				1827B9912B56608500C11305 /* Main.storyboard */,
				1827B9942B5660AF00C11305 /* Assets.xcassets */,
				1827B9962B5660AF00C11305 /* LaunchScreen.storyboard */,
				1827B9992B5660AF00C11305 /* Info.plist */,
			);
			path = firstProject;
			sourceTree = "<group>";
		};
		1827B9A12B5660B200C11305 /* firstProjectTests */ = {
			isa = PBXGroup;
			children = (
				1827B9A22B5660B200C11305 /* firstProjectTests.swift */,
			);
			path = firstProjectTests;
			sourceTree = "<group>";
		};
		1827B9AB2B5660B200C11305 /* firstProjectUITests */ = {
			isa = PBXGroup;
			children = (
				1827B9AC2B5660B200C11305 /* firstProjectUITests.swift */,
				1827B9AE2B5660B200C11305 /* firstProjectUITestsLaunchTests.swift */,
			);
			path = firstProjectUITests;
			sourceTree = "<group>";
		};
		5B1D6AB9748A39A916CD6C53 /* Frameworks */ = {
			isa = PBXGroup;
			children = (
				DD51CEA64E93197920700D89 /* Pods_firstProject.framework */,
				5EEB0AD5DEFE08884B347400 /* Pods_firstProject_firstProjectUITests.framework */,
				964C376E8BE929A730F696BB /* Pods_firstProjectTests.framework */,
			);
			name = Frameworks;
			sourceTree = "<group>";
		};
		5BDDE508DAAB5E8FCF328D2E /* Pods */ = {
			isa = PBXGroup;
			children = (
				57402F55DFCEF219BDEAEED8 /* Pods-firstProject.debug.xcconfig */,
				3B76697B9B7B4C572EF5D457 /* Pods-firstProject.release.xcconfig */,
				4C952674D8B9DC5470C13DFE /* Pods-firstProject-firstProjectUITests.debug.xcconfig */,
				6B35EC892BE7FC81FCFC42D5 /* Pods-firstProject-firstProjectUITests.release.xcconfig */,
				2527D04BF355F51C7CFBFD39 /* Pods-firstProjectTests.debug.xcconfig */,
				0190294149598BBC2E322BA5 /* Pods-firstProjectTests.release.xcconfig */,
			);
			name = Pods;
			path = Pods;
			sourceTree = "<group>";
		};
/* End PBXGroup section */

/* Begin PBXNativeTarget section */
		1827B9872B56608500C11305 /* firstProject */ = {
			isa = PBXNativeTarget;
			buildConfigurationList = 1827B9B22B5660B200C11305 /* Build configuration list for PBXNativeTarget "firstProject" */;
			buildPhases = (
				6EB9216B6601C875932CFF03 /* [CP] Check Pods Manifest.lock */,
				1827B9842B56608500C11305 /* Sources */,
				1827B9852B56608500C11305 /* Frameworks */,
				1827B9862B56608500C11305 /* Resources */,
				EC577ADD85A23D65BBCB0877 /* [CP] Embed Pods Frameworks */,
			);
			buildRules = (
			);
			dependencies = (
			);
			name = firstProject;
			productName = firstProject;
			productReference = 1827B9882B56608500C11305 /* firstProject.app */;
			productType = "com.apple.product-type.application";
		};
		1827B99D2B5660B200C11305 /* firstProjectTests */ = {
			isa = PBXNativeTarget;
			buildConfigurationList = 1827B9B52B5660B200C11305 /* Build configuration list for PBXNativeTarget "firstProjectTests" */;
			buildPhases = (
				860411BA0CB89A82E96DF674 /* [CP] Check Pods Manifest.lock */,
				1827B99A2B5660B200C11305 /* Sources */,
				1827B99B2B5660B200C11305 /* Frameworks */,
				1827B99C2B5660B200C11305 /* Resources */,
			);
			buildRules = (
			);
			dependencies = (
				1827B9A02B5660B200C11305 /* PBXTargetDependency */,
			);
			name = firstProjectTests;
			productName = firstProjectTests;
			productReference = 1827B99E2B5660B200C11305 /* firstProjectTests.xctest */;
			productType = "com.apple.product-type.bundle.unit-test";
		};
		1827B9A72B5660B200C11305 /* firstProjectUITests */ = {
			isa = PBXNativeTarget;
			buildConfigurationList = 1827B9B82B5660B200C11305 /* Build configuration list for PBXNativeTarget "firstProjectUITests" */;
			buildPhases = (
				222F77232C5F4A689344575D /* [CP] Check Pods Manifest.lock */,
				1827B9A42B5660B200C11305 /* Sources */,
				1827B9A52B5660B200C11305 /* Frameworks */,
				1827B9A62B5660B200C11305 /* Resources */,
				53C803596D080EB152298279 /* [CP] Embed Pods Frameworks */,
			);
			buildRules = (
			);
			dependencies = (
				1827B9AA2B5660B200C11305 /* PBXTargetDependency */,
			);
			name = firstProjectUITests;
			productName = firstProjectUITests;
			productReference = 1827B9A82B5660B200C11305 /* firstProjectUITests.xctest */;
			productType = "com.apple.product-type.bundle.ui-testing";
		};
/* End PBXNativeTarget section */

/* Begin PBXProject section */
		1827B9802B56608400C11305 /* Project object */ = {
			isa = PBXProject;
			attributes = {
				BuildIndependentTargetsInParallel = 1;
				LastSwiftUpdateCheck = 1420;
				LastUpgradeCheck = 1420;
				TargetAttributes = {
					1827B9872B56608500C11305 = {
						CreatedOnToolsVersion = 14.2;
					};
					1827B99D2B5660B200C11305 = {
						CreatedOnToolsVersion = 14.2;
						TestTargetID = 1827B9872B56608500C11305;
					};
					1827B9A72B5660B200C11305 = {
						CreatedOnToolsVersion = 14.2;
						TestTargetID = 1827B9872B56608500C11305;
					};
				};
			};
			buildConfigurationList = 1827B9832B56608400C11305 /* Build configuration list for PBXProject "firstProject" */;
			compatibilityVersion = "Xcode 14.0";
			developmentRegion = en;
			hasScannedForEncodings = 0;
			knownRegions = (
				en,
				Base,
			);
			mainGroup = 1827B97F2B56608400C11305;
			productRefGroup = 1827B9892B56608500C11305 /* Products */;
			projectDirPath = "";
			projectRoot = "";
			targets = (
				1827B9872B56608500C11305 /* firstProject */,
				1827B99D2B5660B200C11305 /* firstProjectTests */,
				1827B9A72B5660B200C11305 /* firstProjectUITests */,
			);
		};
/* End PBXProject section */

/* Begin PBXResourcesBuildPhase section */
		1827B9862B56608500C11305 /* Resources */ = {
			isa = PBXResourcesBuildPhase;
			buildActionMask = 2147483647;
			files = (
				1827B9982B5660AF00C11305 /* LaunchScreen.storyboard in Resources */,
				1827B9952B5660AF00C11305 /* Assets.xcassets in Resources */,
				1827B9932B56608500C11305 /* Main.storyboard in Resources */,
			);
			runOnlyForDeploymentPostprocessing = 0;
		};
		1827B99C2B5660B200C11305 /* Resources */ = {
			isa = PBXResourcesBuildPhase;
			buildActionMask = 2147483647;
			files = (
			);
			runOnlyForDeploymentPostprocessing = 0;
		};
		1827B9A62B5660B200C11305 /* Resources */ = {
			isa = PBXResourcesBuildPhase;
			buildActionMask = 2147483647;
			files = (
			);
			runOnlyForDeploymentPostprocessing = 0;
		};
/* End PBXResourcesBuildPhase section */

/* Begin PBXShellScriptBuildPhase section */
		222F77232C5F4A689344575D /* [CP] Check Pods Manifest.lock */ = {
			isa = PBXShellScriptBuildPhase;
			buildActionMask = 2147483647;
			files = (
			);
			inputFileListPaths = (
			);
			inputPaths = (
				"${PODS_PODFILE_DIR_PATH}/Podfile.lock",
				"${PODS_ROOT}/Manifest.lock",
			);
			name = "[CP] Check Pods Manifest.lock";
			outputFileListPaths = (
			);
			outputPaths = (
				"$(DERIVED_FILE_DIR)/Pods-firstProject-firstProjectUITests-checkManifestLockResult.txt",
			);
			runOnlyForDeploymentPostprocessing = 0;
			shellPath = /bin/sh;
			shellScript = "diff \"${PODS_PODFILE_DIR_PATH}/Podfile.lock\" \"${PODS_ROOT}/Manifest.lock\" > /dev/null\nif [ $? != 0 ] ; then\n    # print error to STDERR\n    echo \"error: The sandbox is not in sync with the Podfile.lock. Run 'pod install' or update your CocoaPods installation.\" >&2\n    exit 1\nfi\n# This output is used by Xcode 'outputs' to avoid re-running this script phase.\necho \"SUCCESS\" > \"${SCRIPT_OUTPUT_FILE_0}\"\n";
			showEnvVarsInLog = 0;
		};
		53C803596D080EB152298279 /* [CP] Embed Pods Frameworks */ = {
			isa = PBXShellScriptBuildPhase;
			buildActionMask = 2147483647;
			files = (
			);
			inputFileListPaths = (
				"${PODS_ROOT}/Target Support Files/Pods-firstProject-firstProjectUITests/Pods-firstProject-firstProjectUITests-frameworks-${CONFIGURATION}-input-files.xcfilelist",
			);
			name = "[CP] Embed Pods Frameworks";
			outputFileListPaths = (
				"${PODS_ROOT}/Target Support Files/Pods-firstProject-firstProjectUITests/Pods-firstProject-firstProjectUITests-frameworks-${CONFIGURATION}-output-files.xcfilelist",
			);
			runOnlyForDeploymentPostprocessing = 0;
			shellPath = /bin/sh;
			shellScript = "\"${PODS_ROOT}/Target Support Files/Pods-firstProject-firstProjectUITests/Pods-firstProject-firstProjectUITests-frameworks.sh\"\n";
			showEnvVarsInLog = 0;
		};
		6EB9216B6601C875932CFF03 /* [CP] Check Pods Manifest.lock */ = {
			isa = PBXShellScriptBuildPhase;
			buildActionMask = 2147483647;
			files = (
			);
			inputFileListPaths = (
			);
			inputPaths = (
				"${PODS_PODFILE_DIR_PATH}/Podfile.lock",
				"${PODS_ROOT}/Manifest.lock",
			);
			name = "[CP] Check Pods Manifest.lock";
			outputFileListPaths = (
			);
			outputPaths = (
				"$(DERIVED_FILE_DIR)/Pods-firstProject-checkManifestLockResult.txt",
			);
			runOnlyForDeploymentPostprocessing = 0;
			shellPath = /bin/sh;
			shellScript = "diff \"${PODS_PODFILE_DIR_PATH}/Podfile.lock\" \"${PODS_ROOT}/Manifest.lock\" > /dev/null\nif [ $? != 0 ] ; then\n    # print error to STDERR\n    echo \"error: The sandbox is not in sync with the Podfile.lock. Run 'pod install' or update your CocoaPods installation.\" >&2\n    exit 1\nfi\n# This output is used by Xcode 'outputs' to avoid re-running this script phase.\necho \"SUCCESS\" > \"${SCRIPT_OUTPUT_FILE_0}\"\n";
			showEnvVarsInLog = 0;
		};
		860411BA0CB89A82E96DF674 /* [CP] Check Pods Manifest.lock */ = {
			isa = PBXShellScriptBuildPhase;
			buildActionMask = 2147483647;
			files = (
			);
			inputFileListPaths = (
			);
			inputPaths = (
				"${PODS_PODFILE_DIR_PATH}/Podfile.lock",
				"${PODS_ROOT}/Manifest.lock",
			);
			name = "[CP] Check Pods Manifest.lock";
			outputFileListPaths = (
			);
			outputPaths = (
				"$(DERIVED_FILE_DIR)/Pods-firstProjectTests-checkManifestLockResult.txt",
			);
			runOnlyForDeploymentPostprocessing = 0;
			shellPath = /bin/sh;
			shellScript = "diff \"${PODS_PODFILE_DIR_PATH}/Podfile.lock\" \"${PODS_ROOT}/Manifest.lock\" > /dev/null\nif [ $? != 0 ] ; then\n    # print error to STDERR\n    echo \"error: The sandbox is not in sync with the Podfile.lock. Run 'pod install' or update your CocoaPods installation.\" >&2\n    exit 1\nfi\n# This output is used by Xcode 'outputs' to avoid re-running this script phase.\necho \"SUCCESS\" > \"${SCRIPT_OUTPUT_FILE_0}\"\n";
			showEnvVarsInLog = 0;
		};
		EC577ADD85A23D65BBCB0877 /* [CP] Embed Pods Frameworks */ = {
			isa = PBXShellScriptBuildPhase;
			buildActionMask = 2147483647;
			files = (
			);
			inputFileListPaths = (
				"${PODS_ROOT}/Target Support Files/Pods-firstProject/Pods-firstProject-frameworks-${CONFIGURATION}-input-files.xcfilelist",
			);
			name = "[CP] Embed Pods Frameworks";
			outputFileListPaths = (
				"${PODS_ROOT}/Target Support Files/Pods-firstProject/Pods-firstProject-frameworks-${CONFIGURATION}-output-files.xcfilelist",
			);
			runOnlyForDeploymentPostprocessing = 0;
			shellPath = /bin/sh;
			shellScript = "\"${PODS_ROOT}/Target Support Files/Pods-firstProject/Pods-firstProject-frameworks.sh\"\n";
			showEnvVarsInLog = 0;
		};
/* End PBXShellScriptBuildPhase section */

/* Begin PBXSourcesBuildPhase section */
		1827B9842B56608500C11305 /* Sources */ = {
			isa = PBXSourcesBuildPhase;
			buildActionMask = 2147483647;
			files = (
				1827B9902B56608500C11305 /* ViewController.swift in Sources */,
				1827B98C2B56608500C11305 /* AppDelegate.swift in Sources */,
				1827B98E2B56608500C11305 /* SceneDelegate.swift in Sources */,
			);
			runOnlyForDeploymentPostprocessing = 0;
		};
		1827B99A2B5660B200C11305 /* Sources */ = {
			isa = PBXSourcesBuildPhase;
			buildActionMask = 2147483647;
			files = (
				1827B9A32B5660B200C11305 /* firstProjectTests.swift in Sources */,
			);
			runOnlyForDeploymentPostprocessing = 0;
		};
		1827B9A42B5660B200C11305 /* Sources */ = {
			isa = PBXSourcesBuildPhase;
			buildActionMask = 2147483647;
			files = (
				1827B9AD2B5660B200C11305 /* firstProjectUITests.swift in Sources */,
				1827B9AF2B5660B200C11305 /* firstProjectUITestsLaunchTests.swift in Sources */,
			);
			runOnlyForDeploymentPostprocessing = 0;
		};
/* End PBXSourcesBuildPhase section */

/* Begin PBXTargetDependency section */
		1827B9A02B5660B200C11305 /* PBXTargetDependency */ = {
			isa = PBXTargetDependency;
			target = 1827B9872B56608500C11305 /* firstProject */;
			targetProxy = 1827B99F2B5660B200C11305 /* PBXContainerItemProxy */;
		};
		1827B9AA2B5660B200C11305 /* PBXTargetDependency */ = {
			isa = PBXTargetDependency;
			target = 1827B9872B56608500C11305 /* firstProject */;
			targetProxy = 1827B9A92B5660B200C11305 /* PBXContainerItemProxy */;
		};
/* End PBXTargetDependency section */

/* Begin PBXVariantGroup section */
		1827B9912B56608500C11305 /* Main.storyboard */ = {
			isa = PBXVariantGroup;
			children = (
				1827B9922B56608500C11305 /* Base */,
			);
			name = Main.storyboard;
			sourceTree = "<group>";
		};
		1827B9962B5660AF00C11305 /* LaunchScreen.storyboard */ = {
			isa = PBXVariantGroup;
			children = (
				1827B9972B5660AF00C11305 /* Base */,
			);
			name = LaunchScreen.storyboard;
			sourceTree = "<group>";
		};
/* End PBXVariantGroup section */

/* Begin XCBuildConfiguration section */
		1827B9B02B5660B200C11305 /* Debug */ = {
			isa = XCBuildConfiguration;
			buildSettings = {
				ALWAYS_SEARCH_USER_PATHS = NO;
				CLANG_ANALYZER_NONNULL = YES;
				CLANG_ANALYZER_NUMBER_OBJECT_CONVERSION = YES_AGGRESSIVE;
				CLANG_CXX_LANGUAGE_STANDARD = "gnu++20";
				CLANG_ENABLE_MODULES = YES;
				CLANG_ENABLE_OBJC_ARC = YES;
				CLANG_ENABLE_OBJC_WEAK = YES;
				CLANG_WARN_BLOCK_CAPTURE_AUTORELEASING = YES;
				CLANG_WARN_BOOL_CONVERSION = YES;
				CLANG_WARN_COMMA = YES;
				CLANG_WARN_CONSTANT_CONVERSION = YES;
				CLANG_WARN_DEPRECATED_OBJC_IMPLEMENTATIONS = YES;
				CLANG_WARN_DIRECT_OBJC_ISA_USAGE = YES_ERROR;
				CLANG_WARN_DOCUMENTATION_COMMENTS = YES;
				CLANG_WARN_EMPTY_BODY = YES;
				CLANG_WARN_ENUM_CONVERSION = YES;
				CLANG_WARN_INFINITE_RECURSION = YES;
				CLANG_WARN_INT_CONVERSION = YES;
				CLANG_WARN_NON_LITERAL_NULL_CONVERSION = YES;
				CLANG_WARN_OBJC_IMPLICIT_RETAIN_SELF = YES;
				CLANG_WARN_OBJC_LITERAL_CONVERSION = YES;
				CLANG_WARN_OBJC_ROOT_CLASS = YES_ERROR;
				CLANG_WARN_QUOTED_INCLUDE_IN_FRAMEWORK_HEADER = YES;
				CLANG_WARN_RANGE_LOOP_ANALYSIS = YES;
				CLANG_WARN_STRICT_PROTOTYPES = YES;
				CLANG_WARN_SUSPICIOUS_MOVE = YES;
				CLANG_WARN_UNGUARDED_AVAILABILITY = YES_AGGRESSIVE;
				CLANG_WARN_UNREACHABLE_CODE = YES;
				CLANG_WARN__DUPLICATE_METHOD_MATCH = YES;
				COPY_PHASE_STRIP = NO;
				DEBUG_INFORMATION_FORMAT = dwarf;
				ENABLE_STRICT_OBJC_MSGSEND = YES;
				ENABLE_TESTABILITY = YES;
				GCC_C_LANGUAGE_STANDARD = gnu11;
				GCC_DYNAMIC_NO_PIC = NO;
				GCC_NO_COMMON_BLOCKS = YES;
				GCC_OPTIMIZATION_LEVEL = 0;
				GCC_PREPROCESSOR_DEFINITIONS = (
					"DEBUG=1",
					"$(inherited)",
				);
				GCC_WARN_64_TO_32_BIT_CONVERSION = YES;
				GCC_WARN_ABOUT_RETURN_TYPE = YES_ERROR;
				GCC_WARN_UNDECLARED_SELECTOR = YES;
				GCC_WARN_UNINITIALIZED_AUTOS = YES_AGGRESSIVE;
				GCC_WARN_UNUSED_FUNCTION = YES;
				GCC_WARN_UNUSED_VARIABLE = YES;
				IPHONEOS_DEPLOYMENT_TARGET = 16.2;
				MTL_ENABLE_DEBUG_INFO = INCLUDE_SOURCE;
				MTL_FAST_MATH = YES;
				ONLY_ACTIVE_ARCH = YES;
				SDKROOT = iphoneos;
				SWIFT_ACTIVE_COMPILATION_CONDITIONS = DEBUG;
				SWIFT_OPTIMIZATION_LEVEL = "-Onone";
			};
			name = Debug;
		};
		1827B9B12B5660B200C11305 /* Release */ = {
			isa = XCBuildConfiguration;
			buildSettings = {
				ALWAYS_SEARCH_USER_PATHS = NO;
				CLANG_ANALYZER_NONNULL = YES;
				CLANG_ANALYZER_NUMBER_OBJECT_CONVERSION = YES_AGGRESSIVE;
				CLANG_CXX_LANGUAGE_STANDARD = "gnu++20";
				CLANG_ENABLE_MODULES = YES;
				CLANG_ENABLE_OBJC_ARC = YES;
				CLANG_ENABLE_OBJC_WEAK = YES;
				CLANG_WARN_BLOCK_CAPTURE_AUTORELEASING = YES;
				CLANG_WARN_BOOL_CONVERSION = YES;
				CLANG_WARN_COMMA = YES;
				CLANG_WARN_CONSTANT_CONVERSION = YES;
				CLANG_WARN_DEPRECATED_OBJC_IMPLEMENTATIONS = YES;
				CLANG_WARN_DIRECT_OBJC_ISA_USAGE = YES_ERROR;
				CLANG_WARN_DOCUMENTATION_COMMENTS = YES;
				CLANG_WARN_EMPTY_BODY = YES;
				CLANG_WARN_ENUM_CONVERSION = YES;
				CLANG_WARN_INFINITE_RECURSION = YES;
				CLANG_WARN_INT_CONVERSION = YES;
				CLANG_WARN_NON_LITERAL_NULL_CONVERSION = YES;
				CLANG_WARN_OBJC_IMPLICIT_RETAIN_SELF = YES;
				CLANG_WARN_OBJC_LITERAL_CONVERSION = YES;
				CLANG_WARN_OBJC_ROOT_CLASS = YES_ERROR;
				CLANG_WARN_QUOTED_INCLUDE_IN_FRAMEWORK_HEADER = YES;
				CLANG_WARN_RANGE_LOOP_ANALYSIS = YES;
				CLANG_WARN_STRICT_PROTOTYPES = YES;
				CLANG_WARN_SUSPICIOUS_MOVE = YES;
				CLANG_WARN_UNGUARDED_AVAILABILITY = YES_AGGRESSIVE;
				CLANG_WARN_UNREACHABLE_CODE = YES;
				CLANG_WARN__DUPLICATE_METHOD_MATCH = YES;
				COPY_PHASE_STRIP = NO;
				DEBUG_INFORMATION_FORMAT = "dwarf-with-dsym";
				ENABLE_NS_ASSERTIONS = NO;
				ENABLE_STRICT_OBJC_MSGSEND = YES;
				GCC_C_LANGUAGE_STANDARD = gnu11;
				GCC_NO_COMMON_BLOCKS = YES;
				GCC_WARN_64_TO_32_BIT_CONVERSION = YES;
				GCC_WARN_ABOUT_RETURN_TYPE = YES_ERROR;
				GCC_WARN_UNDECLARED_SELECTOR = YES;
				GCC_WARN_UNINITIALIZED_AUTOS = YES_AGGRESSIVE;
				GCC_WARN_UNUSED_FUNCTION = YES;
				GCC_WARN_UNUSED_VARIABLE = YES;
				IPHONEOS_DEPLOYMENT_TARGET = 16.2;
				MTL_ENABLE_DEBUG_INFO = NO;
				MTL_FAST_MATH = YES;
				SDKROOT = iphoneos;
				SWIFT_COMPILATION_MODE = wholemodule;
				SWIFT_OPTIMIZATION_LEVEL = "-O";
				VALIDATE_PRODUCT = YES;
			};
			name = Release;
		};
		1827B9B32B5660B200C11305 /* Debug */ = {
			isa = XCBuildConfiguration;
			baseConfigurationReference = 57402F55DFCEF219BDEAEED8 /* Pods-firstProject.debug.xcconfig */;
			buildSettings = {
				ASSETCATALOG_COMPILER_APPICON_NAME = AppIcon;
				ASSETCATALOG_COMPILER_GLOBAL_ACCENT_COLOR_NAME = AccentColor;
				CODE_SIGN_STYLE = Automatic;
				CURRENT_PROJECT_VERSION = 1;
				GENERATE_INFOPLIST_FILE = YES;
				INFOPLIST_FILE = firstProject/Info.plist;
				INFOPLIST_KEY_UIApplicationSupportsIndirectInputEvents = YES;
				INFOPLIST_KEY_UILaunchStoryboardName = LaunchScreen;
				INFOPLIST_KEY_UIMainStoryboardFile = Main;
				INFOPLIST_KEY_UISupportedInterfaceOrientations_iPad = "UIInterfaceOrientationPortrait UIInterfaceOrientationPortraitUpsideDown UIInterfaceOrientationLandscapeLeft UIInterfaceOrientationLandscapeRight";
				INFOPLIST_KEY_UISupportedInterfaceOrientations_iPhone = "UIInterfaceOrientationPortrait UIInterfaceOrientationLandscapeLeft UIInterfaceOrientationLandscapeRight";
				LD_RUNPATH_SEARCH_PATHS = (
					"$(inherited)",
					"@executable_path/Frameworks",
				);
				MARKETING_VERSION = 1.0;
				PRODUCT_BUNDLE_IDENTIFIER = firstProject.com.firstProject;
				PRODUCT_NAME = "$(TARGET_NAME)";
				SWIFT_EMIT_LOC_STRINGS = YES;
				SWIFT_VERSION = 5.0;
				TARGETED_DEVICE_FAMILY = "1,2";
			};
			name = Debug;
		};
		1827B9B42B5660B200C11305 /* Release */ = {
			isa = XCBuildConfiguration;
			baseConfigurationReference = 3B76697B9B7B4C572EF5D457 /* Pods-firstProject.release.xcconfig */;
			buildSettings = {
				ASSETCATALOG_COMPILER_APPICON_NAME = AppIcon;
				ASSETCATALOG_COMPILER_GLOBAL_ACCENT_COLOR_NAME = AccentColor;
				CODE_SIGN_STYLE = Automatic;
				CURRENT_PROJECT_VERSION = 1;
				GENERATE_INFOPLIST_FILE = YES;
				INFOPLIST_FILE = firstProject/Info.plist;
				INFOPLIST_KEY_UIApplicationSupportsIndirectInputEvents = YES;
				INFOPLIST_KEY_UILaunchStoryboardName = LaunchScreen;
				INFOPLIST_KEY_UIMainStoryboardFile = Main;
				INFOPLIST_KEY_UISupportedInterfaceOrientations_iPad = "UIInterfaceOrientationPortrait UIInterfaceOrientationPortraitUpsideDown UIInterfaceOrientationLandscapeLeft UIInterfaceOrientationLandscapeRight";
				INFOPLIST_KEY_UISupportedInterfaceOrientations_iPhone = "UIInterfaceOrientationPortrait UIInterfaceOrientationLandscapeLeft UIInterfaceOrientationLandscapeRight";
				LD_RUNPATH_SEARCH_PATHS = (
					"$(inherited)",
					"@executable_path/Frameworks",
				);
				MARKETING_VERSION = 1.0;
				PRODUCT_BUNDLE_IDENTIFIER = firstProject.com.firstProject;
				PRODUCT_NAME = "$(TARGET_NAME)";
				SWIFT_EMIT_LOC_STRINGS = YES;
				SWIFT_VERSION = 5.0;
				TARGETED_DEVICE_FAMILY = "1,2";
			};
			name = Release;
		};
		1827B9B62B5660B200C11305 /* Debug */ = {
			isa = XCBuildConfiguration;
			baseConfigurationReference = 2527D04BF355F51C7CFBFD39 /* Pods-firstProjectTests.debug.xcconfig */;
			buildSettings = {
				ALWAYS_EMBED_SWIFT_STANDARD_LIBRARIES = YES;
				BUNDLE_LOADER = "$(TEST_HOST)";
				CODE_SIGN_STYLE = Automatic;
				CURRENT_PROJECT_VERSION = 1;
				GENERATE_INFOPLIST_FILE = YES;
				IPHONEOS_DEPLOYMENT_TARGET = 16.2;
				MARKETING_VERSION = 1.0;
				PRODUCT_BUNDLE_IDENTIFIER = firstProject.com.firstProjectTests;
				PRODUCT_NAME = "$(TARGET_NAME)";
				SWIFT_EMIT_LOC_STRINGS = NO;
				SWIFT_VERSION = 5.0;
				TARGETED_DEVICE_FAMILY = "1,2";
				TEST_HOST = "$(BUILT_PRODUCTS_DIR)/firstProject.app/$(BUNDLE_EXECUTABLE_FOLDER_PATH)/firstProject";
			};
			name = Debug;
		};
		1827B9B72B5660B200C11305 /* Release */ = {
			isa = XCBuildConfiguration;
			baseConfigurationReference = 0190294149598BBC2E322BA5 /* Pods-firstProjectTests.release.xcconfig */;
			buildSettings = {
				ALWAYS_EMBED_SWIFT_STANDARD_LIBRARIES = YES;
				BUNDLE_LOADER = "$(TEST_HOST)";
				CODE_SIGN_STYLE = Automatic;
				CURRENT_PROJECT_VERSION = 1;
				GENERATE_INFOPLIST_FILE = YES;
				IPHONEOS_DEPLOYMENT_TARGET = 16.2;
				MARKETING_VERSION = 1.0;
				PRODUCT_BUNDLE_IDENTIFIER = firstProject.com.firstProjectTests;
				PRODUCT_NAME = "$(TARGET_NAME)";
				SWIFT_EMIT_LOC_STRINGS = NO;
				SWIFT_VERSION = 5.0;
				TARGETED_DEVICE_FAMILY = "1,2";
				TEST_HOST = "$(BUILT_PRODUCTS_DIR)/firstProject.app/$(BUNDLE_EXECUTABLE_FOLDER_PATH)/firstProject";
			};
			name = Release;
		};
		1827B9B92B5660B200C11305 /* Debug */ = {
			isa = XCBuildConfiguration;
			baseConfigurationReference = 4C952674D8B9DC5470C13DFE /* Pods-firstProject-firstProjectUITests.debug.xcconfig */;
			buildSettings = {
				ALWAYS_EMBED_SWIFT_STANDARD_LIBRARIES = YES;
				CODE_SIGN_STYLE = Automatic;
				CURRENT_PROJECT_VERSION = 1;
				GENERATE_INFOPLIST_FILE = YES;
				MARKETING_VERSION = 1.0;
				PRODUCT_BUNDLE_IDENTIFIER = firstProject.com.firstProjectUITests;
				PRODUCT_NAME = "$(TARGET_NAME)";
				SWIFT_EMIT_LOC_STRINGS = NO;
				SWIFT_VERSION = 5.0;
				TARGETED_DEVICE_FAMILY = "1,2";
				TEST_TARGET_NAME = firstProject;
			};
			name = Debug;
		};
		1827B9BA2B5660B200C11305 /* Release */ = {
			isa = XCBuildConfiguration;
			baseConfigurationReference = 6B35EC892BE7FC81FCFC42D5 /* Pods-firstProject-firstProjectUITests.release.xcconfig */;
			buildSettings = {
				ALWAYS_EMBED_SWIFT_STANDARD_LIBRARIES = YES;
				CODE_SIGN_STYLE = Automatic;
				CURRENT_PROJECT_VERSION = 1;
				GENERATE_INFOPLIST_FILE = YES;
				MARKETING_VERSION = 1.0;
				PRODUCT_BUNDLE_IDENTIFIER = firstProject.com.firstProjectUITests;
				PRODUCT_NAME = "$(TARGET_NAME)";
				SWIFT_EMIT_LOC_STRINGS = NO;
				SWIFT_VERSION = 5.0;
				TARGETED_DEVICE_FAMILY = "1,2";
				TEST_TARGET_NAME = firstProject;
			};
			name = Release;
		};
/* End XCBuildConfiguration section */

/* Begin XCConfigurationList section */
		1827B9832B56608400C11305 /* Build configuration list for PBXProject "firstProject" */ = {
			isa = XCConfigurationList;
			buildConfigurations = (
				1827B9B02B5660B200C11305 /* Debug */,
				1827B9B12B5660B200C11305 /* Release */,
			);
			defaultConfigurationIsVisible = 0;
			defaultConfigurationName = Release;
		};
		1827B9B22B5660B200C11305 /* Build configuration list for PBXNativeTarget "firstProject" */ = {
			isa = XCConfigurationList;
			buildConfigurations = (
				1827B9B32B5660B200C11305 /* Debug */,
				1827B9B42B5660B200C11305 /* Release */,
			);
			defaultConfigurationIsVisible = 0;
			defaultConfigurationName = Release;
		};
		1827B9B52B5660B200C11305 /* Build configuration list for PBXNativeTarget "firstProjectTests" */ = {
			isa = XCConfigurationList;
			buildConfigurations = (
				1827B9B62B5660B200C11305 /* Debug */,
				1827B9B72B5660B200C11305 /* Release */,
			);
			defaultConfigurationIsVisible = 0;
			defaultConfigurationName = Release;
		};
		1827B9B82B5660B200C11305 /* Build configuration list for PBXNativeTarget "firstProjectUITests" */ = {
			isa = XCConfigurationList;
			buildConfigurations = (
				1827B9B92B5660B200C11305 /* Debug */,
				1827B9BA2B5660B200C11305 /* Release */,
			);
			defaultConfigurationIsVisible = 0;
			defaultConfigurationName = Release;
		};
/* End XCConfigurationList section */
	};
	rootObject = 1827B9802B56608400C11305 /* Project object */;
}
